
Microsoft Visual Studio Solution File, Format Version 12.00
# Visual Studio Version 17
VisualStudioVersion = 17.8.34330.188
MinimumVisualStudioVersion = 10.0.40219.1
Project("{FAE04EC0-301F-11D3-BF4B-00C04F79EFBC}") = "SpecFlowProject_assessment", "SpecFlowProject_assessment\SpecFlowProject_assessment.csproj", "{B7823EA0-0382-4F07-8C9F-06537AF34220}"
EndProject
Global
	GlobalSection(SolutionConfigurationPlatforms) = preSolution
		Debug|Any CPU = Debug|Any CPU
		Release|Any CPU = Release|Any CPU
	EndGlobalSection
	GlobalSection(ProjectConfigurationPlatforms) = postSolution
		{B7823EA0-0382-4F07-8C9F-06537AF34220}.Debug|Any CPU.ActiveCfg = Debug|Any CPU
		{B7823EA0-0382-4F07-8C9F-06537AF34220}.Debug|Any CPU.Build.0 = Debug|Any CPU
		{B7823EA0-0382-4F07-8C9F-06537AF34220}.Release|Any CPU.ActiveCfg = Release|Any CPU
		{B7823EA0-0382-4F07-8C9F-06537AF34220}.Release|Any CPU.Build.0 = Release|Any CPU
	EndGlobalSection
	GlobalSection(SolutionProperties) = preSolution
		HideSolutionNode = FALSE
	EndGlobalSection
	GlobalSection(ExtensibilityGlobals) = postSolution
		SolutionGuid = {4FFBEFA0-49E3-49D7-8998-913D5CA80EE2}
	EndGlobalSection
EndGlobal
